// !$*UTF8*$!
{
	archiveVersion = 1;
	classes = {
	};
	objectVersion = 50;
	objects = {

/* Begin PBXBuildFile section */
		7F517AD724C082D3003705EA /* AppDelegate.swift in Sources */ = {isa = PBXBuildFile; fileRef = 7F517AD624C082D3003705EA /* AppDelegate.swift */; };
		7F517AD924C082D3003705EA /* SceneDelegate.swift in Sources */ = {isa = PBXBuildFile; fileRef = 7F517AD824C082D3003705EA /* SceneDelegate.swift */; };
		7F517ADB24C082D3003705EA /* ViewController.swift in Sources */ = {isa = PBXBuildFile; fileRef = 7F517ADA24C082D3003705EA /* ViewController.swift */; };
		7F517ADE24C082D3003705EA /* Main.storyboard in Resources */ = {isa = PBXBuildFile; fileRef = 7F517ADC24C082D3003705EA /* Main.storyboard */; };
		7F517AE024C082D6003705EA /* Assets.xcassets in Resources */ = {isa = PBXBuildFile; fileRef = 7F517ADF24C082D6003705EA /* Assets.xcassets */; };
		7F517AE324C082D6003705EA /* LaunchScreen.storyboard in Resources */ = {isa = PBXBuildFile; fileRef = 7F517AE124C082D6003705EA /* LaunchScreen.storyboard */; };
		B9108831CBE073256627C905 /* Pods_testApp202007.framework in Frameworks */ = {isa = PBXBuildFile; fileRef = 3CDDE749F79E02CF45761C2B /* Pods_testApp202007.framework */; };
/* End PBXBuildFile section */

/* Begin PBXFileReference section */
		3CDDE749F79E02CF45761C2B /* Pods_testApp202007.framework */ = {isa = PBXFileReference; explicitFileType = wrapper.framework; includeInIndex = 0; path = Pods_testApp202007.framework; sourceTree = BUILT_PRODUCTS_DIR; };
		4D9F99F962242BED269054D8 /* Pods-testApp202007.release.xcconfig */ = {isa = PBXFileReference; includeInIndex = 1; lastKnownFileType = text.xcconfig; name = "Pods-testApp202007.release.xcconfig"; path = "Target Support Files/Pods-testApp202007/Pods-testApp202007.release.xcconfig"; sourceTree = "<group>"; };
		7F517AD324C082D3003705EA /* testApp202007.app */ = {isa = PBXFileReference; explicitFileType = wrapper.application; includeInIndex = 0; path = testApp202007.app; sourceTree = BUILT_PRODUCTS_DIR; };
		7F517AD624C082D3003705EA /* AppDelegate.swift */ = {isa = PBXFileReference; lastKnownFileType = sourcecode.swift; path = AppDelegate.swift; sourceTree = "<group>"; };
		7F517AD824C082D3003705EA /* SceneDelegate.swift */ = {isa = PBXFileReference; lastKnownFileType = sourcecode.swift; path = SceneDelegate.swift; sourceTree = "<group>"; };
		7F517ADA24C082D3003705EA /* ViewController.swift */ = {isa = PBXFileReference; lastKnownFileType = sourcecode.swift; path = ViewController.swift; sourceTree = "<group>"; };
		7F517ADD24C082D3003705EA /* Base */ = {isa = PBXFileReference; lastKnownFileType = file.storyboard; name = Base; path = Base.lproj/Main.storyboard; sourceTree = "<group>"; };
		7F517ADF24C082D6003705EA /* Assets.xcassets */ = {isa = PBXFileReference; lastKnownFileType = folder.assetcatalog; path = Assets.xcassets; sourceTree = "<group>"; };
		7F517AE224C082D6003705EA /* Base */ = {isa = PBXFileReference; lastKnownFileType = file.storyboard; name = Base; path = Base.lproj/LaunchScreen.storyboard; sourceTree = "<group>"; };
		7F517AE424C082D6003705EA /* Info.plist */ = {isa = PBXFileReference; lastKnownFileType = text.plist.xml; path = Info.plist; sourceTree = "<group>"; };
		F6C4863BCC15755D62CEA11A /* Pods-testApp202007.debug.xcconfig */ = {isa = PBXFileReference; includeInIndex = 1; lastKnownFileType = text.xcconfig; name = "Pods-testApp202007.debug.xcconfig"; path = "Target Support Files/Pods-testApp202007/Pods-testApp202007.debug.xcconfig"; sourceTree = "<group>"; };
/* End PBXFileReference section */

/* Begin PBXFrameworksBuildPhase section */
		7F517AD024C082D3003705EA /* Frameworks */ = {
			isa = PBXFrameworksBuildPhase;
			buildActionMask = 2147483647;
			files = (
				B9108831CBE073256627C905 /* Pods_testApp202007.framework in Frameworks */,
			);
			runOnlyForDeploymentPostprocessing = 0;
		};
/* End PBXFrameworksBuildPhase section */

/* Begin PBXGroup section */
		25BC43C65426041DCFCDE05F /* Pods */ = {
			isa = PBXGroup;
			children = (
				F6C4863BCC15755D62CEA11A /* Pods-testApp202007.debug.xcconfig */,
				4D9F99F962242BED269054D8 /* Pods-testApp202007.release.xcconfig */,
			);
			name = Pods;
			path = Pods;
			sourceTree = "<group>";
		};
		7F517ACA24C082D3003705EA = {
			isa = PBXGroup;
			children = (
				7F517AD524C082D3003705EA /* testApp202007 */,
				7F517AD424C082D3003705EA /* Products */,
				25BC43C65426041DCFCDE05F /* Pods */,
				A853F4CFE75A82BFC0898A02 /* Frameworks */,
			);
			sourceTree = "<group>";
		};
		7F517AD424C082D3003705EA /* Products */ = {
			isa = PBXGroup;
			children = (
				7F517AD324C082D3003705EA /* testApp202007.app */,
			);
			name = Products;
			sourceTree = "<group>";
		};
		7F517AD524C082D3003705EA /* testApp202007 */ = {
			isa = PBXGroup;
			children = (
				7F517AD624C082D3003705EA /* AppDelegate.swift */,
				7F517AD824C082D3003705EA /* SceneDelegate.swift */,
				7F517ADA24C082D3003705EA /* ViewController.swift */,
				7F517ADC24C082D3003705EA /* Main.storyboard */,
				7F517ADF24C082D6003705EA /* Assets.xcassets */,
				7F517AE124C082D6003705EA /* LaunchScreen.storyboard */,
				7F517AE424C082D6003705EA /* Info.plist */,
			);
			path = testApp202007;
			sourceTree = "<group>";
		};
		A853F4CFE75A82BFC0898A02 /* Frameworks */ = {
			isa = PBXGroup;
			children = (
				3CDDE749F79E02CF45761C2B /* Pods_testApp202007.framework */,
			);
			name = Frameworks;
			sourceTree = "<group>";
		};
/* End PBXGroup section */

/* Begin PBXNativeTarget section */
		7F517AD224C082D3003705EA /* testApp202007 */ = {
			isa = PBXNativeTarget;
			buildConfigurationList = 7F517AE724C082D6003705EA /* Build configuration list for PBXNativeTarget "testApp202007" */;
			buildPhases = (
				CAC537149657DBCE9340CA0B /* [CP] Check Pods Manifest.lock */,
				7F517ACF24C082D3003705EA /* Sources */,
				7F517AD024C082D3003705EA /* Frameworks */,
				7F517AD124C082D3003705EA /* Resources */,
				AF183585349FA9090E0742E5 /* [CP] Embed Pods Frameworks */,
			);
			buildRules = (
			);
			dependencies = (
			);
			name = testApp202007;
			productName = testApp202007;
			productReference = 7F517AD324C082D3003705EA /* testApp202007.app */;
			productType = "com.apple.product-type.application";
		};
/* End PBXNativeTarget section */

/* Begin PBXProject section */
		7F517ACB24C082D3003705EA /* Project object */ = {
			isa = PBXProject;
			attributes = {
				LastSwiftUpdateCheck = 1150;
				LastUpgradeCheck = 1150;
				ORGANIZATIONNAME = "Yuki Hirakawa";
				TargetAttributes = {
					7F517AD224C082D3003705EA = {
						CreatedOnToolsVersion = 11.5;
					};
				};
			};
			buildConfigurationList = 7F517ACE24C082D3003705EA /* Build configuration list for PBXProject "testApp202007" */;
			compatibilityVersion = "Xcode 9.3";
			developmentRegion = en;
			hasScannedForEncodings = 0;
			knownRegions = (
				en,
				Base,
			);
			mainGroup = 7F517ACA24C082D3003705EA;
			productRefGroup = 7F517AD424C082D3003705EA /* Products */;
			projectDirPath = "";
			projectRoot = "";
			targets = (
				7F517AD224C082D3003705EA /* testApp202007 */,
			);
		};
/* End PBXProject section */

/* Begin PBXResourcesBuildPhase section */
		7F517AD124C082D3003705EA /* Resources */ = {
			isa = PBXResourcesBuildPhase;
			buildActionMask = 2147483647;
			files = (
				7F517AE324C082D6003705EA /* LaunchScreen.storyboard in Resources */,
				7F517AE024C082D6003705EA /* Assets.xcassets in Resources */,
				7F517ADE24C082D3003705EA /* Main.storyboard in Resources */,
			);
			runOnlyForDeploymentPostprocessing = 0;
		};
/* End PBXResourcesBuildPhase section */

/* Begin PBXShellScriptBuildPhase section */
		AF183585349FA9090E0742E5 /* [CP] Embed Pods Frameworks */ = {
			isa = PBXShellScriptBuildPhase;
			buildActionMask = 2147483647;
			files = (
			);
			inputFileListPaths = (
				"${PODS_ROOT}/Target Support Files/Pods-testApp202007/Pods-testApp202007-frameworks-${CONFIGURATION}-input-files.xcfilelist",
			);
			name = "[CP] Embed Pods Frameworks";
			outputFileListPaths = (
				"${PODS_ROOT}/Target Support Files/Pods-testApp202007/Pods-testApp202007-frameworks-${CONFIGURATION}-output-files.xcfilelist",
			);
			runOnlyForDeploymentPostprocessing = 0;
			shellPath = /bin/sh;
			shellScript = "\"${PODS_ROOT}/Target Support Files/Pods-testApp202007/Pods-testApp202007-frameworks.sh\"\n";
			showEnvVarsInLog = 0;
		};
		CAC537149657DBCE9340CA0B /* [CP] Check Pods Manifest.lock */ = {
			isa = PBXShellScriptBuildPhase;
			buildActionMask = 2147483647;
			files = (
			);
			inputFileListPaths = (
			);
			inputPaths = (
				"${PODS_PODFILE_DIR_PATH}/Podfile.lock",
				"${PODS_ROOT}/Manifest.lock",
			);
			name = "[CP] Check Pods Manifest.lock";
			outputFileListPaths = (
			);
			outputPaths = (
				"$(DERIVED_FILE_DIR)/Pods-testApp202007-checkManifestLockResult.txt",
			);
			runOnlyForDeploymentPostprocessing = 0;
			shellPath = /bin/sh;
			shellScript = "diff \"${PODS_PODFILE_DIR_PATH}/Podfile.lock\" \"${PODS_ROOT}/Manifest.lock\" > /dev/null\nif [ $? != 0 ] ; then\n    # print error to STDERR\n    echo \"error: The sandbox is not in sync with the Podfile.lock. Run 'pod install' or update your CocoaPods installation.\" >&2\n    exit 1\nfi\n# This output is used by Xcode 'outputs' to avoid re-running this script phase.\necho \"SUCCESS\" > \"${SCRIPT_OUTPUT_FILE_0}\"\n";
			showEnvVarsInLog = 0;
		};
/* End PBXShellScriptBuildPhase section */

/* Begin PBXSourcesBuildPhase section */
		7F517ACF24C082D3003705EA /* Sources */ = {
			isa = PBXSourcesBuildPhase;
			buildActionMask = 2147483647;
			files = (
				7F517ADB24C082D3003705EA /* ViewController.swift in Sources */,
				7F517AD724C082D3003705EA /* AppDelegate.swift in Sources */,
				7F517AD924C082D3003705EA /* SceneDelegate.swift in Sources */,
			);
			runOnlyForDeploymentPostprocessing = 0;
		};
/* End PBXSourcesBuildPhase section */

/* Begin PBXVariantGroup section */
		7F517ADC24C082D3003705EA /* Main.storyboard */ = {
			isa = PBXVariantGroup;
			children = (
				7F517ADD24C082D3003705EA /* Base */,
			);
			name = Main.storyboard;
			sourceTree = "<group>";
		};
		7F517AE124C082D6003705EA /* LaunchScreen.storyboard */ = {
			isa = PBXVariantGroup;
			children = (
				7F517AE224C082D6003705EA /* Base */,
			);
			name = LaunchScreen.storyboard;
			sourceTree = "<group>";
		};
/* End PBXVariantGroup section */

/* Begin XCBuildConfiguration section */
		7F517AE524C082D6003705EA /* Debug */ = {
			isa = XCBuildConfiguration;
			buildSettings = {
				ALWAYS_SEARCH_USER_PATHS = NO;
				CLANG_ANALYZER_NONNULL = YES;
				CLANG_ANALYZER_NUMBER_OBJECT_CONVERSION = YES_AGGRESSIVE;
				CLANG_CXX_LANGUAGE_STANDARD = "gnu++14";
				CLANG_CXX_LIBRARY = "libc++";
				CLANG_ENABLE_MODULES = YES;
				CLANG_ENABLE_OBJC_ARC = YES;
				CLANG_ENABLE_OBJC_WEAK = YES;
				CLANG_WARN_BLOCK_CAPTURE_AUTORELEASING = YES;
				CLANG_WARN_BOOL_CONVERSION = YES;
				CLANG_WARN_COMMA = YES;
				CLANG_WARN_CONSTANT_CONVERSION = YES;
				CLANG_WARN_DEPRECATED_OBJC_IMPLEMENTATIONS = YES;
				CLANG_WARN_DIRECT_OBJC_ISA_USAGE = YES_ERROR;
				CLANG_WARN_DOCUMENTATION_COMMENTS = YES;
				CLANG_WARN_EMPTY_BODY = YES;
				CLANG_WARN_ENUM_CONVERSION = YES;
				CLANG_WARN_INFINITE_RECURSION = YES;
				CLANG_WARN_INT_CONVERSION = YES;
				CLANG_WARN_NON_LITERAL_NULL_CONVERSION = YES;
				CLANG_WARN_OBJC_IMPLICIT_RETAIN_SELF = YES;
				CLANG_WARN_OBJC_LITERAL_CONVERSION = YES;
				CLANG_WARN_OBJC_ROOT_CLASS = YES_ERROR;
				CLANG_WARN_RANGE_LOOP_ANALYSIS = YES;
				CLANG_WARN_STRICT_PROTOTYPES = YES;
				CLANG_WARN_SUSPICIOUS_MOVE = YES;
				CLANG_WARN_UNGUARDED_AVAILABILITY = YES_AGGRESSIVE;
				CLANG_WARN_UNREACHABLE_CODE = YES;
				CLANG_WARN__DUPLICATE_METHOD_MATCH = YES;
				COPY_PHASE_STRIP = NO;
				DEBUG_INFORMATION_FORMAT = dwarf;
				ENABLE_STRICT_OBJC_MSGSEND = YES;
				ENABLE_TESTABILITY = YES;
				GCC_C_LANGUAGE_STANDARD = gnu11;
				GCC_DYNAMIC_NO_PIC = NO;
				GCC_NO_COMMON_BLOCKS = YES;
				GCC_OPTIMIZATION_LEVEL = 0;
				GCC_PREPROCESSOR_DEFINITIONS = (
					"DEBUG=1",
					"$(inherited)",
				);
				GCC_WARN_64_TO_32_BIT_CONVERSION = YES;
				GCC_WARN_ABOUT_RETURN_TYPE = YES_ERROR;
				GCC_WARN_UNDECLARED_SELECTOR = YES;
				GCC_WARN_UNINITIALIZED_AUTOS = YES_AGGRESSIVE;
				GCC_WARN_UNUSED_FUNCTION = YES;
				GCC_WARN_UNUSED_VARIABLE = YES;
				IPHONEOS_DEPLOYMENT_TARGET = 13.5;
				MTL_ENABLE_DEBUG_INFO = INCLUDE_SOURCE;
				MTL_FAST_MATH = YES;
				ONLY_ACTIVE_ARCH = YES;
				SDKROOT = iphoneos;
				SWIFT_ACTIVE_COMPILATION_CONDITIONS = DEBUG;
				SWIFT_OPTIMIZATION_LEVEL = "-Onone";
			};
			name = Debug;
		};
		7F517AE624C082D6003705EA /* Release */ = {
			isa = XCBuildConfiguration;
			buildSettings = {
				ALWAYS_SEARCH_USER_PATHS = NO;
				CLANG_ANALYZER_NONNULL = YES;
				CLANG_ANALYZER_NUMBER_OBJECT_CONVERSION = YES_AGGRESSIVE;
				CLANG_CXX_LANGUAGE_STANDARD = "gnu++14";
				CLANG_CXX_LIBRARY = "libc++";
				CLANG_ENABLE_MODULES = YES;
				CLANG_ENABLE_OBJC_ARC = YES;
				CLANG_ENABLE_OBJC_WEAK = YES;
				CLANG_WARN_BLOCK_CAPTURE_AUTORELEASING = YES;
				CLANG_WARN_BOOL_CONVERSION = YES;
				CLANG_WARN_COMMA = YES;
				CLANG_WARN_CONSTANT_CONVERSION = YES;
				CLANG_WARN_DEPRECATED_OBJC_IMPLEMENTATIONS = YES;
				CLANG_WARN_DIRECT_OBJC_ISA_USAGE = YES_ERROR;
				CLANG_WARN_DOCUMENTATION_COMMENTS = YES;
				CLANG_WARN_EMPTY_BODY = YES;
				CLANG_WARN_ENUM_CONVERSION = YES;
				CLANG_WARN_INFINITE_RECURSION = YES;
				CLANG_WARN_INT_CONVERSION = YES;
				CLANG_WARN_NON_LITERAL_NULL_CONVERSION = YES;
				CLANG_WARN_OBJC_IMPLICIT_RETAIN_SELF = YES;
				CLANG_WARN_OBJC_LITERAL_CONVERSION = YES;
				CLANG_WARN_OBJC_ROOT_CLASS = YES_ERROR;
				CLANG_WARN_RANGE_LOOP_ANALYSIS = YES;
				CLANG_WARN_STRICT_PROTOTYPES = YES;
				CLANG_WARN_SUSPICIOUS_MOVE = YES;
				CLANG_WARN_UNGUARDED_AVAILABILITY = YES_AGGRESSIVE;
				CLANG_WARN_UNREACHABLE_CODE = YES;
				CLANG_WARN__DUPLICATE_METHOD_MATCH = YES;
				COPY_PHASE_STRIP = NO;
				DEBUG_INFORMATION_FORMAT = "dwarf-with-dsym";
				ENABLE_NS_ASSERTIONS = NO;
				ENABLE_STRICT_OBJC_MSGSEND = YES;
				GCC_C_LANGUAGE_STANDARD = gnu11;
				GCC_NO_COMMON_BLOCKS = YES;
				GCC_WARN_64_TO_32_BIT_CONVERSION = YES;
				GCC_WARN_ABOUT_RETURN_TYPE = YES_ERROR;
				GCC_WARN_UNDECLARED_SELECTOR = YES;
				GCC_WARN_UNINITIALIZED_AUTOS = YES_AGGRESSIVE;
				GCC_WARN_UNUSED_FUNCTION = YES;
				GCC_WARN_UNUSED_VARIABLE = YES;
				IPHONEOS_DEPLOYMENT_TARGET = 13.5;
				MTL_ENABLE_DEBUG_INFO = NO;
				MTL_FAST_MATH = YES;
				SDKROOT = iphoneos;
				SWIFT_COMPILATION_MODE = wholemodule;
				SWIFT_OPTIMIZATION_LEVEL = "-O";
				VALIDATE_PRODUCT = YES;
			};
			name = Release;
		};
		7F517AE824C082D6003705EA /* Debug */ = {
			isa = XCBuildConfiguration;
			baseConfigurationReference = F6C4863BCC15755D62CEA11A /* Pods-testApp202007.debug.xcconfig */;
			buildSettings = {
				ASSETCATALOG_COMPILER_APPICON_NAME = AppIcon;
				CODE_SIGN_STYLE = Automatic;
				DEVELOPMENT_TEAM = GW2G5D274X;
				INFOPLIST_FILE = testApp202007/Info.plist;
				LD_RUNPATH_SEARCH_PATHS = (
					"$(inherited)",
					"@executable_path/Frameworks",
				);
				PRODUCT_BUNDLE_IDENTIFIER = yuuki.hirakawa.testApp202007;
				PRODUCT_NAME = "$(TARGET_NAME)";
				SWIFT_VERSION = 5.0;
				TARGETED_DEVICE_FAMILY = "1,2";
			};
			name = Debug;
		};
		7F517AE924C082D6003705EA /* Release */ = {
			isa = XCBuildConfiguration;
			baseConfigurationReference = 4D9F99F962242BED269054D8 /* Pods-testApp202007.release.xcconfig */;
			buildSettings = {
				ASSETCATALOG_COMPILER_APPICON_NAME = AppIcon;
				CODE_SIGN_STYLE = Automatic;
				DEVELOPMENT_TEAM = GW2G5D274X;
				INFOPLIST_FILE = testApp202007/Info.plist;
				LD_RUNPATH_SEARCH_PATHS = (
					"$(inherited)",
					"@executable_path/Frameworks",
				);
				PRODUCT_BUNDLE_IDENTIFIER = yuuki.hirakawa.testApp202007;
				PRODUCT_NAME = "$(TARGET_NAME)";
				SWIFT_VERSION = 5.0;
				TARGETED_DEVICE_FAMILY = "1,2";
			};
			name = Release;
		};
/* End XCBuildConfiguration section */

/* Begin XCConfigurationList section */
		7F517ACE24C082D3003705EA /* Build configuration list for PBXProject "testApp202007" */ = {
			isa = XCConfigurationList;
			buildConfigurations = (
				7F517AE524C082D6003705EA /* Debug */,
				7F517AE624C082D6003705EA /* Release */,
			);
			defaultConfigurationIsVisible = 0;
			defaultConfigurationName = Release;
		};
		7F517AE724C082D6003705EA /* Build configuration list for PBXNativeTarget "testApp202007" */ = {
			isa = XCConfigurationList;
			buildConfigurations = (
				7F517AE824C082D6003705EA /* Debug */,
				7F517AE924C082D6003705EA /* Release */,
			);
			defaultConfigurationIsVisible = 0;
			defaultConfigurationName = Release;
		};
/* End XCConfigurationList section */
	};
	rootObject = 7F517ACB24C082D3003705EA /* Project object */;
}
